// !$*UTF8*$!
{
	archiveVersion = 1;
	classes = {
	};
	objectVersion = 50;
	objects = {

/* Begin PBXBuildFile section */
		8B0309182290AB4F00EE7B4F /* AppDelegate.swift in Sources */ = {isa = PBXBuildFile; fileRef = 8B0309172290AB4F00EE7B4F /* AppDelegate.swift */; };
		8B03091D2290AB4F00EE7B4F /* Main.storyboard in Resources */ = {isa = PBXBuildFile; fileRef = 8B03091B2290AB4F00EE7B4F /* Main.storyboard */; };
		8B0309202290AB4F00EE7B4F /* SpendingTracker.xcdatamodeld in Sources */ = {isa = PBXBuildFile; fileRef = 8B03091E2290AB4F00EE7B4F /* SpendingTracker.xcdatamodeld */; };
		8B0309222290AB5100EE7B4F /* Assets.xcassets in Resources */ = {isa = PBXBuildFile; fileRef = 8B0309212290AB5100EE7B4F /* Assets.xcassets */; };
		8B0309252290AB5100EE7B4F /* LaunchScreen.storyboard in Resources */ = {isa = PBXBuildFile; fileRef = 8B0309232290AB5100EE7B4F /* LaunchScreen.storyboard */; };
		8B0309302290AB5100EE7B4F /* SpendingTrackerTests.swift in Sources */ = {isa = PBXBuildFile; fileRef = 8B03092F2290AB5100EE7B4F /* SpendingTrackerTests.swift */; };
		8B03093B2290AB5100EE7B4F /* SpendingTrackerUITests.swift in Sources */ = {isa = PBXBuildFile; fileRef = 8B03093A2290AB5100EE7B4F /* SpendingTrackerUITests.swift */; };
		8B0309492290AD5900EE7B4F /* CustomTabBarController.swift in Sources */ = {isa = PBXBuildFile; fileRef = 8B0309482290AD5900EE7B4F /* CustomTabBarController.swift */; };
		8B03094B2290AE6100EE7B4F /* FirstViewController.swift in Sources */ = {isa = PBXBuildFile; fileRef = 8B03094A2290AE6100EE7B4F /* FirstViewController.swift */; };
		8B03094D2290AE9A00EE7B4F /* FirstView.swift in Sources */ = {isa = PBXBuildFile; fileRef = 8B03094C2290AE9A00EE7B4F /* FirstView.swift */; };
		8B03094F2290B10F00EE7B4F /* FirstViewModel.swift in Sources */ = {isa = PBXBuildFile; fileRef = 8B03094E2290B10F00EE7B4F /* FirstViewModel.swift */; };
		8B0309532290B16400EE7B4F /* TransactionViewModel.swift in Sources */ = {isa = PBXBuildFile; fileRef = 8B0309522290B16400EE7B4F /* TransactionViewModel.swift */; };
		8B0309572290B1CF00EE7B4F /* TransactionViewController.swift in Sources */ = {isa = PBXBuildFile; fileRef = 8B0309562290B1CF00EE7B4F /* TransactionViewController.swift */; };
		8B0309592290B4C700EE7B4F /* ThirdModel.swift in Sources */ = {isa = PBXBuildFile; fileRef = 8B0309582290B4C700EE7B4F /* ThirdModel.swift */; };
		8B03095B2290B50A00EE7B4F /* ThirdView.swift in Sources */ = {isa = PBXBuildFile; fileRef = 8B03095A2290B50A00EE7B4F /* ThirdView.swift */; };
		8B03095D2290B5E200EE7B4F /* ThirdViewController.swift in Sources */ = {isa = PBXBuildFile; fileRef = 8B03095C2290B5E200EE7B4F /* ThirdViewController.swift */; };
		8B03095F2290B5FD00EE7B4F /* TransactionView.swift in Sources */ = {isa = PBXBuildFile; fileRef = 8B03095E2290B5FD00EE7B4F /* TransactionView.swift */; };
		8B076A2E22B1A05900709848 /* TransactionItem.swift in Sources */ = {isa = PBXBuildFile; fileRef = 8B076A2D22B1A05900709848 /* TransactionItem.swift */; };
		8B076A3022B1A11A00709848 /* TransactionCellView.swift in Sources */ = {isa = PBXBuildFile; fileRef = 8B076A2F22B1A11A00709848 /* TransactionCellView.swift */; };
		8B076A3222B1A1FB00709848 /* TransactionDataSource.swift in Sources */ = {isa = PBXBuildFile; fileRef = 8B076A3122B1A1FB00709848 /* TransactionDataSource.swift */; };
		8B076A3422B1A25500709848 /* TransactionCellViewModel.swift in Sources */ = {isa = PBXBuildFile; fileRef = 8B076A3322B1A25500709848 /* TransactionCellViewModel.swift */; };
		8B73CED3233ADD2E00F4AF58 /* Default-568h@2x.png in Resources */ = {isa = PBXBuildFile; fileRef = 8B73CED2233ADD2E00F4AF58 /* Default-568h@2x.png */; };
/* End PBXBuildFile section */

/* Begin PBXContainerItemProxy section */
		8B03092C2290AB5100EE7B4F /* PBXContainerItemProxy */ = {
			isa = PBXContainerItemProxy;
			containerPortal = 8B03090C2290AB4F00EE7B4F /* Project object */;
			proxyType = 1;
			remoteGlobalIDString = 8B0309132290AB4F00EE7B4F;
			remoteInfo = Triplebyte;
		};
		8B0309372290AB5100EE7B4F /* PBXContainerItemProxy */ = {
			isa = PBXContainerItemProxy;
			containerPortal = 8B03090C2290AB4F00EE7B4F /* Project object */;
			proxyType = 1;
			remoteGlobalIDString = 8B0309132290AB4F00EE7B4F;
			remoteInfo = Triplebyte;
		};
/* End PBXContainerItemProxy section */

/* Begin PBXFileReference section */
		8B0309142290AB4F00EE7B4F /* Spending Tracker.app */ = {isa = PBXFileReference; explicitFileType = wrapper.application; includeInIndex = 0; path = "Spending Tracker.app"; sourceTree = BUILT_PRODUCTS_DIR; };
		8B0309172290AB4F00EE7B4F /* AppDelegate.swift */ = {isa = PBXFileReference; lastKnownFileType = sourcecode.swift; path = AppDelegate.swift; sourceTree = "<group>"; };
		8B03091C2290AB4F00EE7B4F /* Base */ = {isa = PBXFileReference; lastKnownFileType = file.storyboard; name = Base; path = Base.lproj/Main.storyboard; sourceTree = "<group>"; };
		8B03091F2290AB4F00EE7B4F /* SpendingTracker.xcdatamodel */ = {isa = PBXFileReference; lastKnownFileType = wrapper.xcdatamodel; path = SpendingTracker.xcdatamodel; sourceTree = "<group>"; };
		8B0309212290AB5100EE7B4F /* Assets.xcassets */ = {isa = PBXFileReference; lastKnownFileType = folder.assetcatalog; path = Assets.xcassets; sourceTree = "<group>"; };
		8B0309242290AB5100EE7B4F /* Base */ = {isa = PBXFileReference; lastKnownFileType = file.storyboard; name = Base; path = Base.lproj/LaunchScreen.storyboard; sourceTree = "<group>"; };
		8B0309262290AB5100EE7B4F /* Info.plist */ = {isa = PBXFileReference; lastKnownFileType = text.plist.xml; path = Info.plist; sourceTree = "<group>"; };
		8B03092B2290AB5100EE7B4F /* Spending TrackerTests.xctest */ = {isa = PBXFileReference; explicitFileType = wrapper.cfbundle; includeInIndex = 0; path = "Spending TrackerTests.xctest"; sourceTree = BUILT_PRODUCTS_DIR; };
		8B03092F2290AB5100EE7B4F /* SpendingTrackerTests.swift */ = {isa = PBXFileReference; lastKnownFileType = sourcecode.swift; path = SpendingTrackerTests.swift; sourceTree = "<group>"; };
		8B0309312290AB5100EE7B4F /* Info.plist */ = {isa = PBXFileReference; lastKnownFileType = text.plist.xml; path = Info.plist; sourceTree = "<group>"; };
		8B0309362290AB5100EE7B4F /* Spending TrackerUITests.xctest */ = {isa = PBXFileReference; explicitFileType = wrapper.cfbundle; includeInIndex = 0; path = "Spending TrackerUITests.xctest"; sourceTree = BUILT_PRODUCTS_DIR; };
		8B03093A2290AB5100EE7B4F /* SpendingTrackerUITests.swift */ = {isa = PBXFileReference; lastKnownFileType = sourcecode.swift; path = SpendingTrackerUITests.swift; sourceTree = "<group>"; };
		8B03093C2290AB5100EE7B4F /* Info.plist */ = {isa = PBXFileReference; lastKnownFileType = text.plist.xml; path = Info.plist; sourceTree = "<group>"; };
		8B0309482290AD5900EE7B4F /* CustomTabBarController.swift */ = {isa = PBXFileReference; lastKnownFileType = sourcecode.swift; path = CustomTabBarController.swift; sourceTree = "<group>"; };
		8B03094A2290AE6100EE7B4F /* FirstViewController.swift */ = {isa = PBXFileReference; lastKnownFileType = sourcecode.swift; path = FirstViewController.swift; sourceTree = "<group>"; };
		8B03094C2290AE9A00EE7B4F /* FirstView.swift */ = {isa = PBXFileReference; lastKnownFileType = sourcecode.swift; path = FirstView.swift; sourceTree = "<group>"; };
		8B03094E2290B10F00EE7B4F /* FirstViewModel.swift */ = {isa = PBXFileReference; lastKnownFileType = sourcecode.swift; path = FirstViewModel.swift; sourceTree = "<group>"; };
		8B0309522290B16400EE7B4F /* TransactionViewModel.swift */ = {isa = PBXFileReference; lastKnownFileType = sourcecode.swift; path = TransactionViewModel.swift; sourceTree = "<group>"; };
		8B0309562290B1CF00EE7B4F /* TransactionViewController.swift */ = {isa = PBXFileReference; lastKnownFileType = sourcecode.swift; path = TransactionViewController.swift; sourceTree = "<group>"; };
		8B0309582290B4C700EE7B4F /* ThirdModel.swift */ = {isa = PBXFileReference; lastKnownFileType = sourcecode.swift; path = ThirdModel.swift; sourceTree = "<group>"; };
		8B03095A2290B50A00EE7B4F /* ThirdView.swift */ = {isa = PBXFileReference; lastKnownFileType = sourcecode.swift; path = ThirdView.swift; sourceTree = "<group>"; };
		8B03095C2290B5E200EE7B4F /* ThirdViewController.swift */ = {isa = PBXFileReference; lastKnownFileType = sourcecode.swift; path = ThirdViewController.swift; sourceTree = "<group>"; };
		8B03095E2290B5FD00EE7B4F /* TransactionView.swift */ = {isa = PBXFileReference; lastKnownFileType = sourcecode.swift; path = TransactionView.swift; sourceTree = "<group>"; };
		8B076A2D22B1A05900709848 /* TransactionItem.swift */ = {isa = PBXFileReference; lastKnownFileType = sourcecode.swift; path = TransactionItem.swift; sourceTree = "<group>"; };
		8B076A2F22B1A11A00709848 /* TransactionCellView.swift */ = {isa = PBXFileReference; lastKnownFileType = sourcecode.swift; path = TransactionCellView.swift; sourceTree = "<group>"; };
		8B076A3122B1A1FB00709848 /* TransactionDataSource.swift */ = {isa = PBXFileReference; lastKnownFileType = sourcecode.swift; path = TransactionDataSource.swift; sourceTree = "<group>"; };
		8B076A3322B1A25500709848 /* TransactionCellViewModel.swift */ = {isa = PBXFileReference; lastKnownFileType = sourcecode.swift; path = TransactionCellViewModel.swift; sourceTree = "<group>"; };
		8B73CED2233ADD2E00F4AF58 /* Default-568h@2x.png */ = {isa = PBXFileReference; lastKnownFileType = image.png; path = "Default-568h@2x.png"; sourceTree = "<group>"; };
/* End PBXFileReference section */

/* Begin PBXFrameworksBuildPhase section */
		8B0309112290AB4F00EE7B4F /* Frameworks */ = {
			isa = PBXFrameworksBuildPhase;
			buildActionMask = 2147483647;
			files = (
			);
			runOnlyForDeploymentPostprocessing = 0;
		};
		8B0309282290AB5100EE7B4F /* Frameworks */ = {
			isa = PBXFrameworksBuildPhase;
			buildActionMask = 2147483647;
			files = (
			);
			runOnlyForDeploymentPostprocessing = 0;
		};
		8B0309332290AB5100EE7B4F /* Frameworks */ = {
			isa = PBXFrameworksBuildPhase;
			buildActionMask = 2147483647;
			files = (
			);
			runOnlyForDeploymentPostprocessing = 0;
		};
/* End PBXFrameworksBuildPhase section */

/* Begin PBXGroup section */
		8B03090B2290AB4F00EE7B4F = {
			isa = PBXGroup;
			children = (
				8B73CED2233ADD2E00F4AF58 /* Default-568h@2x.png */,
				8B0309162290AB4F00EE7B4F /* SpendingTracker */,
				8B03092E2290AB5100EE7B4F /* SpendingTrackerTests */,
				8B0309392290AB5100EE7B4F /* SpendingTrackerUITests */,
				8B0309152290AB4F00EE7B4F /* Products */,
			);
			sourceTree = "<group>";
		};
		8B0309152290AB4F00EE7B4F /* Products */ = {
			isa = PBXGroup;
			children = (
				8B0309142290AB4F00EE7B4F /* Spending Tracker.app */,
				8B03092B2290AB5100EE7B4F /* Spending TrackerTests.xctest */,
				8B0309362290AB5100EE7B4F /* Spending TrackerUITests.xctest */,
			);
			name = Products;
			sourceTree = "<group>";
		};
		8B0309162290AB4F00EE7B4F /* SpendingTracker */ = {
			isa = PBXGroup;
			children = (
				8B0309172290AB4F00EE7B4F /* AppDelegate.swift */,
				8B0309482290AD5900EE7B4F /* CustomTabBarController.swift */,
				8B0309512290B14700EE7B4F /* FirstView */,
				8B0309502290B13B00EE7B4F /* Second View */,
				8B0309602290B62A00EE7B4F /* Third View */,
				8B03091B2290AB4F00EE7B4F /* Main.storyboard */,
				8B0309212290AB5100EE7B4F /* Assets.xcassets */,
				8B0309232290AB5100EE7B4F /* LaunchScreen.storyboard */,
				8B0309262290AB5100EE7B4F /* Info.plist */,
				8B03091E2290AB4F00EE7B4F /* SpendingTracker.xcdatamodeld */,
			);
			path = SpendingTracker;
			sourceTree = "<group>";
		};
		8B03092E2290AB5100EE7B4F /* SpendingTrackerTests */ = {
			isa = PBXGroup;
			children = (
				8B03092F2290AB5100EE7B4F /* SpendingTrackerTests.swift */,
				8B0309312290AB5100EE7B4F /* Info.plist */,
			);
			path = SpendingTrackerTests;
			sourceTree = "<group>";
		};
		8B0309392290AB5100EE7B4F /* SpendingTrackerUITests */ = {
			isa = PBXGroup;
			children = (
				8B03093A2290AB5100EE7B4F /* SpendingTrackerUITests.swift */,
				8B03093C2290AB5100EE7B4F /* Info.plist */,
			);
			path = SpendingTrackerUITests;
			sourceTree = "<group>";
		};
		8B0309502290B13B00EE7B4F /* Second View */ = {
			isa = PBXGroup;
			children = (
				8B0769C12299FB0D00709848 /* Model */,
				8B0769C22299FB1500709848 /* View */,
				8B0769C32299FB1C00709848 /* View Model */,
			);
			path = "Second View";
			sourceTree = "<group>";
		};
		8B0309512290B14700EE7B4F /* FirstView */ = {
			isa = PBXGroup;
			children = (
				8B0769BE2299FAC900709848 /* Model */,
				8B0769BF2299FAD900709848 /* View */,
				8B0769C02299FAE100709848 /* View Model */,
			);
			path = FirstView;
			sourceTree = "<group>";
		};
		8B0309602290B62A00EE7B4F /* Third View */ = {
			isa = PBXGroup;
			children = (
				8B0769C62299FB5A00709848 /* Model */,
				8B0769C52299FB5500709848 /* View */,
				8B0769C42299FB4C00709848 /* View Model */,
			);
			path = "Third View";
			sourceTree = "<group>";
		};
		8B0769BE2299FAC900709848 /* Model */ = {
			isa = PBXGroup;
			children = (
			);
			path = Model;
			sourceTree = "<group>";
		};
		8B0769BF2299FAD900709848 /* View */ = {
			isa = PBXGroup;
			children = (
				8B03094C2290AE9A00EE7B4F /* FirstView.swift */,
				8B03094A2290AE6100EE7B4F /* FirstViewController.swift */,
			);
			path = View;
			sourceTree = "<group>";
		};
		8B0769C02299FAE100709848 /* View Model */ = {
			isa = PBXGroup;
			children = (
				8B03094E2290B10F00EE7B4F /* FirstViewModel.swift */,
			);
			path = "View Model";
			sourceTree = "<group>";
		};
		8B0769C12299FB0D00709848 /* Model */ = {
			isa = PBXGroup;
			children = (
				8B076A2D22B1A05900709848 /* TransactionItem.swift */,
			);
			path = Model;
			sourceTree = "<group>";
		};
		8B0769C22299FB1500709848 /* View */ = {
			isa = PBXGroup;
			children = (
				8B03095E2290B5FD00EE7B4F /* TransactionView.swift */,
				8B076A2F22B1A11A00709848 /* TransactionCellView.swift */,
				8B076A3122B1A1FB00709848 /* TransactionDataSource.swift */,
				8B0309562290B1CF00EE7B4F /* TransactionViewController.swift */,
			);
			path = View;
			sourceTree = "<group>";
		};
		8B0769C32299FB1C00709848 /* View Model */ = {
			isa = PBXGroup;
			children = (
				8B076A3322B1A25500709848 /* TransactionCellViewModel.swift */,
				8B0309522290B16400EE7B4F /* TransactionViewModel.swift */,
			);
			path = "View Model";
			sourceTree = "<group>";
		};
		8B0769C42299FB4C00709848 /* View Model */ = {
			isa = PBXGroup;
			children = (
			);
			path = "View Model";
			sourceTree = "<group>";
		};
		8B0769C52299FB5500709848 /* View */ = {
			isa = PBXGroup;
			children = (
				8B03095A2290B50A00EE7B4F /* ThirdView.swift */,
				8B03095C2290B5E200EE7B4F /* ThirdViewController.swift */,
			);
			path = View;
			sourceTree = "<group>";
		};
		8B0769C62299FB5A00709848 /* Model */ = {
			isa = PBXGroup;
			children = (
				8B0309582290B4C700EE7B4F /* ThirdModel.swift */,
			);
			path = Model;
			sourceTree = "<group>";
		};
/* End PBXGroup section */

/* Begin PBXNativeTarget section */
		8B0309132290AB4F00EE7B4F /* Spending Tracker */ = {
			isa = PBXNativeTarget;
			buildConfigurationList = 8B03093F2290AB5100EE7B4F /* Build configuration list for PBXNativeTarget "Spending Tracker" */;
			buildPhases = (
				8B0309102290AB4F00EE7B4F /* Sources */,
				8B0309112290AB4F00EE7B4F /* Frameworks */,
				8B0309122290AB4F00EE7B4F /* Resources */,
			);
			buildRules = (
			);
			dependencies = (
			);
			name = "Spending Tracker";
			productName = Triplebyte;
			productReference = 8B0309142290AB4F00EE7B4F /* Spending Tracker.app */;
			productType = "com.apple.product-type.application";
		};
		8B03092A2290AB5100EE7B4F /* Spending TrackerTests */ = {
			isa = PBXNativeTarget;
			buildConfigurationList = 8B0309422290AB5100EE7B4F /* Build configuration list for PBXNativeTarget "Spending TrackerTests" */;
			buildPhases = (
				8B0309272290AB5100EE7B4F /* Sources */,
				8B0309282290AB5100EE7B4F /* Frameworks */,
				8B0309292290AB5100EE7B4F /* Resources */,
			);
			buildRules = (
			);
			dependencies = (
				8B03092D2290AB5100EE7B4F /* PBXTargetDependency */,
			);
			name = "Spending TrackerTests";
			productName = TriplebyteTests;
			productReference = 8B03092B2290AB5100EE7B4F /* Spending TrackerTests.xctest */;
			productType = "com.apple.product-type.bundle.unit-test";
		};
		8B0309352290AB5100EE7B4F /* Spending TrackerUITests */ = {
			isa = PBXNativeTarget;
			buildConfigurationList = 8B0309452290AB5100EE7B4F /* Build configuration list for PBXNativeTarget "Spending TrackerUITests" */;
			buildPhases = (
				8B0309322290AB5100EE7B4F /* Sources */,
				8B0309332290AB5100EE7B4F /* Frameworks */,
				8B0309342290AB5100EE7B4F /* Resources */,
			);
			buildRules = (
			);
			dependencies = (
				8B0309382290AB5100EE7B4F /* PBXTargetDependency */,
			);
			name = "Spending TrackerUITests";
			productName = TriplebyteUITests;
			productReference = 8B0309362290AB5100EE7B4F /* Spending TrackerUITests.xctest */;
			productType = "com.apple.product-type.bundle.ui-testing";
		};
/* End PBXNativeTarget section */

/* Begin PBXProject section */
		8B03090C2290AB4F00EE7B4F /* Project object */ = {
			isa = PBXProject;
			attributes = {
				LastSwiftUpdateCheck = 1020;
				LastUpgradeCheck = 1020;
				ORGANIZATIONNAME = "Zach Chen";
				TargetAttributes = {
					8B0309132290AB4F00EE7B4F = {
						CreatedOnToolsVersion = 10.2.1;
					};
					8B03092A2290AB5100EE7B4F = {
						CreatedOnToolsVersion = 10.2.1;
						TestTargetID = 8B0309132290AB4F00EE7B4F;
					};
					8B0309352290AB5100EE7B4F = {
						CreatedOnToolsVersion = 10.2.1;
						TestTargetID = 8B0309132290AB4F00EE7B4F;
					};
				};
			};
			buildConfigurationList = 8B03090F2290AB4F00EE7B4F /* Build configuration list for PBXProject "Spending Tracker" */;
			compatibilityVersion = "Xcode 9.3";
			developmentRegion = en;
			hasScannedForEncodings = 0;
			knownRegions = (
				en,
				Base,
			);
			mainGroup = 8B03090B2290AB4F00EE7B4F;
			productRefGroup = 8B0309152290AB4F00EE7B4F /* Products */;
			projectDirPath = "";
			projectRoot = "";
			targets = (
				8B0309132290AB4F00EE7B4F /* Spending Tracker */,
				8B03092A2290AB5100EE7B4F /* Spending TrackerTests */,
				8B0309352290AB5100EE7B4F /* Spending TrackerUITests */,
			);
		};
/* End PBXProject section */

/* Begin PBXResourcesBuildPhase section */
		8B0309122290AB4F00EE7B4F /* Resources */ = {
			isa = PBXResourcesBuildPhase;
			buildActionMask = 2147483647;
			files = (
				8B0309252290AB5100EE7B4F /* LaunchScreen.storyboard in Resources */,
				8B73CED3233ADD2E00F4AF58 /* Default-568h@2x.png in Resources */,
				8B0309222290AB5100EE7B4F /* Assets.xcassets in Resources */,
				8B03091D2290AB4F00EE7B4F /* Main.storyboard in Resources */,
			);
			runOnlyForDeploymentPostprocessing = 0;
		};
		8B0309292290AB5100EE7B4F /* Resources */ = {
			isa = PBXResourcesBuildPhase;
			buildActionMask = 2147483647;
			files = (
			);
			runOnlyForDeploymentPostprocessing = 0;
		};
		8B0309342290AB5100EE7B4F /* Resources */ = {
			isa = PBXResourcesBuildPhase;
			buildActionMask = 2147483647;
			files = (
			);
			runOnlyForDeploymentPostprocessing = 0;
		};
/* End PBXResourcesBuildPhase section */

/* Begin PBXSourcesBuildPhase section */
		8B0309102290AB4F00EE7B4F /* Sources */ = {
			isa = PBXSourcesBuildPhase;
			buildActionMask = 2147483647;
			files = (
				8B03094B2290AE6100EE7B4F /* FirstViewController.swift in Sources */,
				8B0309532290B16400EE7B4F /* TransactionViewModel.swift in Sources */,
				8B03094D2290AE9A00EE7B4F /* FirstView.swift in Sources */,
				8B03095B2290B50A00EE7B4F /* ThirdView.swift in Sources */,
				8B0309202290AB4F00EE7B4F /* SpendingTracker.xcdatamodeld in Sources */,
				8B076A3022B1A11A00709848 /* TransactionCellView.swift in Sources */,
				8B076A2E22B1A05900709848 /* TransactionItem.swift in Sources */,
				8B03094F2290B10F00EE7B4F /* FirstViewModel.swift in Sources */,
				8B0309492290AD5900EE7B4F /* CustomTabBarController.swift in Sources */,
				8B0309592290B4C700EE7B4F /* ThirdModel.swift in Sources */,
				8B0309572290B1CF00EE7B4F /* TransactionViewController.swift in Sources */,
				8B076A3422B1A25500709848 /* TransactionCellViewModel.swift in Sources */,
				8B03095F2290B5FD00EE7B4F /* TransactionView.swift in Sources */,
				8B0309182290AB4F00EE7B4F /* AppDelegate.swift in Sources */,
				8B076A3222B1A1FB00709848 /* TransactionDataSource.swift in Sources */,
				8B03095D2290B5E200EE7B4F /* ThirdViewController.swift in Sources */,
			);
			runOnlyForDeploymentPostprocessing = 0;
		};
		8B0309272290AB5100EE7B4F /* Sources */ = {
			isa = PBXSourcesBuildPhase;
			buildActionMask = 2147483647;
			files = (
				8B0309302290AB5100EE7B4F /* SpendingTrackerTests.swift in Sources */,
			);
			runOnlyForDeploymentPostprocessing = 0;
		};
		8B0309322290AB5100EE7B4F /* Sources */ = {
			isa = PBXSourcesBuildPhase;
			buildActionMask = 2147483647;
			files = (
				8B03093B2290AB5100EE7B4F /* SpendingTrackerUITests.swift in Sources */,
			);
			runOnlyForDeploymentPostprocessing = 0;
		};
/* End PBXSourcesBuildPhase section */

/* Begin PBXTargetDependency section */
		8B03092D2290AB5100EE7B4F /* PBXTargetDependency */ = {
			isa = PBXTargetDependency;
			target = 8B0309132290AB4F00EE7B4F /* Spending Tracker */;
			targetProxy = 8B03092C2290AB5100EE7B4F /* PBXContainerItemProxy */;
		};
		8B0309382290AB5100EE7B4F /* PBXTargetDependency */ = {
			isa = PBXTargetDependency;
			target = 8B0309132290AB4F00EE7B4F /* Spending Tracker */;
			targetProxy = 8B0309372290AB5100EE7B4F /* PBXContainerItemProxy */;
		};
/* End PBXTargetDependency section */

/* Begin PBXVariantGroup section */
		8B03091B2290AB4F00EE7B4F /* Main.storyboard */ = {
			isa = PBXVariantGroup;
			children = (
				8B03091C2290AB4F00EE7B4F /* Base */,
			);
			name = Main.storyboard;
			sourceTree = "<group>";
		};
		8B0309232290AB5100EE7B4F /* LaunchScreen.storyboard */ = {
			isa = PBXVariantGroup;
			children = (
				8B0309242290AB5100EE7B4F /* Base */,
			);
			name = LaunchScreen.storyboard;
			sourceTree = "<group>";
		};
/* End PBXVariantGroup section */

/* Begin XCBuildConfiguration section */
		8B03093D2290AB5100EE7B4F /* Debug */ = {
			isa = XCBuildConfiguration;
			buildSettings = {
				ALWAYS_SEARCH_USER_PATHS = NO;
				CLANG_ANALYZER_NONNULL = YES;
				CLANG_ANALYZER_NUMBER_OBJECT_CONVERSION = YES_AGGRESSIVE;
				CLANG_CXX_LANGUAGE_STANDARD = "gnu++14";
				CLANG_CXX_LIBRARY = "libc++";
				CLANG_ENABLE_MODULES = YES;
				CLANG_ENABLE_OBJC_ARC = YES;
				CLANG_ENABLE_OBJC_WEAK = YES;
				CLANG_WARN_BLOCK_CAPTURE_AUTORELEASING = YES;
				CLANG_WARN_BOOL_CONVERSION = YES;
				CLANG_WARN_COMMA = YES;
				CLANG_WARN_CONSTANT_CONVERSION = YES;
				CLANG_WARN_DEPRECATED_OBJC_IMPLEMENTATIONS = YES;
				CLANG_WARN_DIRECT_OBJC_ISA_USAGE = YES_ERROR;
				CLANG_WARN_DOCUMENTATION_COMMENTS = YES;
				CLANG_WARN_EMPTY_BODY = YES;
				CLANG_WARN_ENUM_CONVERSION = YES;
				CLANG_WARN_INFINITE_RECURSION = YES;
				CLANG_WARN_INT_CONVERSION = YES;
				CLANG_WARN_NON_LITERAL_NULL_CONVERSION = YES;
				CLANG_WARN_OBJC_IMPLICIT_RETAIN_SELF = YES;
				CLANG_WARN_OBJC_LITERAL_CONVERSION = YES;
				CLANG_WARN_OBJC_ROOT_CLASS = YES_ERROR;
				CLANG_WARN_RANGE_LOOP_ANALYSIS = YES;
				CLANG_WARN_STRICT_PROTOTYPES = YES;
				CLANG_WARN_SUSPICIOUS_MOVE = YES;
				CLANG_WARN_UNGUARDED_AVAILABILITY = YES_AGGRESSIVE;
				CLANG_WARN_UNREACHABLE_CODE = YES;
				CLANG_WARN__DUPLICATE_METHOD_MATCH = YES;
				CODE_SIGN_IDENTITY = "iPhone Developer";
				COPY_PHASE_STRIP = NO;
				DEBUG_INFORMATION_FORMAT = dwarf;
				ENABLE_STRICT_OBJC_MSGSEND = YES;
				ENABLE_TESTABILITY = YES;
				GCC_C_LANGUAGE_STANDARD = gnu11;
				GCC_DYNAMIC_NO_PIC = NO;
				GCC_NO_COMMON_BLOCKS = YES;
				GCC_OPTIMIZATION_LEVEL = 0;
				GCC_PREPROCESSOR_DEFINITIONS = (
					"DEBUG=1",
					"$(inherited)",
				);
				GCC_WARN_64_TO_32_BIT_CONVERSION = YES;
				GCC_WARN_ABOUT_RETURN_TYPE = YES_ERROR;
				GCC_WARN_UNDECLARED_SELECTOR = YES;
				GCC_WARN_UNINITIALIZED_AUTOS = YES_AGGRESSIVE;
				GCC_WARN_UNUSED_FUNCTION = YES;
				GCC_WARN_UNUSED_VARIABLE = YES;
				IPHONEOS_DEPLOYMENT_TARGET = 12.2;
				MTL_ENABLE_DEBUG_INFO = INCLUDE_SOURCE;
				MTL_FAST_MATH = YES;
				ONLY_ACTIVE_ARCH = YES;
				SDKROOT = iphoneos;
				SWIFT_ACTIVE_COMPILATION_CONDITIONS = DEBUG;
				SWIFT_OPTIMIZATION_LEVEL = "-Onone";
			};
			name = Debug;
		};
		8B03093E2290AB5100EE7B4F /* Release */ = {
			isa = XCBuildConfiguration;
			buildSettings = {
				ALWAYS_SEARCH_USER_PATHS = NO;
				CLANG_ANALYZER_NONNULL = YES;
				CLANG_ANALYZER_NUMBER_OBJECT_CONVERSION = YES_AGGRESSIVE;
				CLANG_CXX_LANGUAGE_STANDARD = "gnu++14";
				CLANG_CXX_LIBRARY = "libc++";
				CLANG_ENABLE_MODULES = YES;
				CLANG_ENABLE_OBJC_ARC = YES;
				CLANG_ENABLE_OBJC_WEAK = YES;
				CLANG_WARN_BLOCK_CAPTURE_AUTORELEASING = YES;
				CLANG_WARN_BOOL_CONVERSION = YES;
				CLANG_WARN_COMMA = YES;
				CLANG_WARN_CONSTANT_CONVERSION = YES;
				CLANG_WARN_DEPRECATED_OBJC_IMPLEMENTATIONS = YES;
				CLANG_WARN_DIRECT_OBJC_ISA_USAGE = YES_ERROR;
				CLANG_WARN_DOCUMENTATION_COMMENTS = YES;
				CLANG_WARN_EMPTY_BODY = YES;
				CLANG_WARN_ENUM_CONVERSION = YES;
				CLANG_WARN_INFINITE_RECURSION = YES;
				CLANG_WARN_INT_CONVERSION = YES;
				CLANG_WARN_NON_LITERAL_NULL_CONVERSION = YES;
				CLANG_WARN_OBJC_IMPLICIT_RETAIN_SELF = YES;
				CLANG_WARN_OBJC_LITERAL_CONVERSION = YES;
				CLANG_WARN_OBJC_ROOT_CLASS = YES_ERROR;
				CLANG_WARN_RANGE_LOOP_ANALYSIS = YES;
				CLANG_WARN_STRICT_PROTOTYPES = YES;
				CLANG_WARN_SUSPICIOUS_MOVE = YES;
				CLANG_WARN_UNGUARDED_AVAILABILITY = YES_AGGRESSIVE;
				CLANG_WARN_UNREACHABLE_CODE = YES;
				CLANG_WARN__DUPLICATE_METHOD_MATCH = YES;
				CODE_SIGN_IDENTITY = "iPhone Developer";
				COPY_PHASE_STRIP = NO;
				DEBUG_INFORMATION_FORMAT = "dwarf-with-dsym";
				ENABLE_NS_ASSERTIONS = NO;
				ENABLE_STRICT_OBJC_MSGSEND = YES;
				GCC_C_LANGUAGE_STANDARD = gnu11;
				GCC_NO_COMMON_BLOCKS = YES;
				GCC_WARN_64_TO_32_BIT_CONVERSION = YES;
				GCC_WARN_ABOUT_RETURN_TYPE = YES_ERROR;
				GCC_WARN_UNDECLARED_SELECTOR = YES;
				GCC_WARN_UNINITIALIZED_AUTOS = YES_AGGRESSIVE;
				GCC_WARN_UNUSED_FUNCTION = YES;
				GCC_WARN_UNUSED_VARIABLE = YES;
				IPHONEOS_DEPLOYMENT_TARGET = 12.2;
				MTL_ENABLE_DEBUG_INFO = NO;
				MTL_FAST_MATH = YES;
				SDKROOT = iphoneos;
				SWIFT_COMPILATION_MODE = wholemodule;
				SWIFT_OPTIMIZATION_LEVEL = "-O";
				VALIDATE_PRODUCT = YES;
			};
			name = Release;
		};
		8B0309402290AB5100EE7B4F /* Debug */ = {
			isa = XCBuildConfiguration;
			buildSettings = {
				ASSETCATALOG_COMPILER_APPICON_NAME = AppIcon;
				CODE_SIGN_STYLE = Automatic;
				DEVELOPMENT_TEAM = "";
				INFOPLIST_FILE = SpendingTracker/Info.plist;
				LD_RUNPATH_SEARCH_PATHS = (
					"$(inherited)",
					"@executable_path/Frameworks",
				);
				PRODUCT_BUNDLE_IDENTIFIER = com.zachenn.SpendingTracker;
				PRODUCT_NAME = "$(TARGET_NAME)";
				SWIFT_VERSION = 5.0;
				TARGETED_DEVICE_FAMILY = "1,2";
			};
			name = Debug;
		};
		8B0309412290AB5100EE7B4F /* Release */ = {
			isa = XCBuildConfiguration;
			buildSettings = {
				ASSETCATALOG_COMPILER_APPICON_NAME = AppIcon;
				CODE_SIGN_STYLE = Automatic;
				DEVELOPMENT_TEAM = "";
				INFOPLIST_FILE = SpendingTracker/Info.plist;
				LD_RUNPATH_SEARCH_PATHS = (
					"$(inherited)",
					"@executable_path/Frameworks",
				);
				PRODUCT_BUNDLE_IDENTIFIER = com.zachenn.SpendingTracker;
				PRODUCT_NAME = "$(TARGET_NAME)";
				SWIFT_VERSION = 5.0;
				TARGETED_DEVICE_FAMILY = "1,2";
			};
			name = Release;
		};
		8B0309432290AB5100EE7B4F /* Debug */ = {
			isa = XCBuildConfiguration;
			buildSettings = {
				ALWAYS_EMBED_SWIFT_STANDARD_LIBRARIES = YES;
				BUNDLE_LOADER = "$(TEST_HOST)";
				CODE_SIGN_STYLE = Automatic;
				INFOPLIST_FILE = SpendingTrackerTests/Info.plist;
				LD_RUNPATH_SEARCH_PATHS = (
					"$(inherited)",
					"@executable_path/Frameworks",
					"@loader_path/Frameworks",
				);
				PRODUCT_BUNDLE_IDENTIFIER = com.zachenn.SpendingTrackerTests;
				PRODUCT_NAME = "$(TARGET_NAME)";
				SWIFT_VERSION = 5.0;
				TARGETED_DEVICE_FAMILY = "1,2";
				TEST_HOST = "$(BUILT_PRODUCTS_DIR)/Spending Tracker.app/Spending Tracker";
			};
			name = Debug;
		};
		8B0309442290AB5100EE7B4F /* Release */ = {
			isa = XCBuildConfiguration;
			buildSettings = {
				ALWAYS_EMBED_SWIFT_STANDARD_LIBRARIES = YES;
				BUNDLE_LOADER = "$(TEST_HOST)";
				CODE_SIGN_STYLE = Automatic;
				INFOPLIST_FILE = SpendingTrackerTests/Info.plist;
				LD_RUNPATH_SEARCH_PATHS = (
					"$(inherited)",
					"@executable_path/Frameworks",
					"@loader_path/Frameworks",
				);
				PRODUCT_BUNDLE_IDENTIFIER = com.zachenn.SpendingTrackerTests;
				PRODUCT_NAME = "$(TARGET_NAME)";
				SWIFT_VERSION = 5.0;
				TARGETED_DEVICE_FAMILY = "1,2";
				TEST_HOST = "$(BUILT_PRODUCTS_DIR)/Spending Tracker.app/Spending Tracker";
			};
			name = Release;
		};
		8B0309462290AB5100EE7B4F /* Debug */ = {
			isa = XCBuildConfiguration;
			buildSettings = {
				ALWAYS_EMBED_SWIFT_STANDARD_LIBRARIES = YES;
				CODE_SIGN_STYLE = Automatic;
				INFOPLIST_FILE = SpendingTrackerUITests/Info.plist;
				LD_RUNPATH_SEARCH_PATHS = (
					"$(inherited)",
					"@executable_path/Frameworks",
					"@loader_path/Frameworks",
				);
				PRODUCT_BUNDLE_IDENTIFIER = com.zachenn.SpendingTrackerUITests;
				PRODUCT_NAME = "$(TARGET_NAME)";
				SWIFT_VERSION = 5.0;
				TARGETED_DEVICE_FAMILY = "1,2";
				TEST_TARGET_NAME = SpendingTracker;
			};
			name = Debug;
		};
		8B0309472290AB5100EE7B4F /* Release */ = {
			isa = XCBuildConfiguration;
			buildSettings = {
				ALWAYS_EMBED_SWIFT_STANDARD_LIBRARIES = YES;
				CODE_SIGN_STYLE = Automatic;
				INFOPLIST_FILE = SpendingTrackerUITests/Info.plist;
				LD_RUNPATH_SEARCH_PATHS = (
					"$(inherited)",
					"@executable_path/Frameworks",
					"@loader_path/Frameworks",
				);
				PRODUCT_BUNDLE_IDENTIFIER = com.zachenn.SpendingTrackerUITests;
				PRODUCT_NAME = "$(TARGET_NAME)";
				SWIFT_VERSION = 5.0;
				TARGETED_DEVICE_FAMILY = "1,2";
				TEST_TARGET_NAME = SpendingTracker;
			};
			name = Release;
		};
/* End XCBuildConfiguration section */

/* Begin XCConfigurationList section */
		8B03090F2290AB4F00EE7B4F /* Build configuration list for PBXProject "Spending Tracker" */ = {
			isa = XCConfigurationList;
			buildConfigurations = (
				8B03093D2290AB5100EE7B4F /* Debug */,
				8B03093E2290AB5100EE7B4F /* Release */,
			);
			defaultConfigurationIsVisible = 0;
			defaultConfigurationName = Release;
		};
		8B03093F2290AB5100EE7B4F /* Build configuration list for PBXNativeTarget "Spending Tracker" */ = {
			isa = XCConfigurationList;
			buildConfigurations = (
				8B0309402290AB5100EE7B4F /* Debug */,
				8B0309412290AB5100EE7B4F /* Release */,
			);
			defaultConfigurationIsVisible = 0;
			defaultConfigurationName = Release;
		};
		8B0309422290AB5100EE7B4F /* Build configuration list for PBXNativeTarget "Spending TrackerTests" */ = {
			isa = XCConfigurationList;
			buildConfigurations = (
				8B0309432290AB5100EE7B4F /* Debug */,
				8B0309442290AB5100EE7B4F /* Release */,
			);
			defaultConfigurationIsVisible = 0;
			defaultConfigurationName = Release;
		};
		8B0309452290AB5100EE7B4F /* Build configuration list for PBXNativeTarget "Spending TrackerUITests" */ = {
			isa = XCConfigurationList;
			buildConfigurations = (
				8B0309462290AB5100EE7B4F /* Debug */,
				8B0309472290AB5100EE7B4F /* Release */,
			);
			defaultConfigurationIsVisible = 0;
			defaultConfigurationName = Release;
		};
/* End XCConfigurationList section */

/* Begin XCVersionGroup section */
		8B03091E2290AB4F00EE7B4F /* SpendingTracker.xcdatamodeld */ = {
			isa = XCVersionGroup;
			children = (
				8B03091F2290AB4F00EE7B4F /* SpendingTracker.xcdatamodel */,
			);
			currentVersion = 8B03091F2290AB4F00EE7B4F /* SpendingTracker.xcdatamodel */;
			path = SpendingTracker.xcdatamodeld;
			sourceTree = "<group>";
			versionGroupType = wrapper.xcdatamodel;
		};
/* End XCVersionGroup section */
	};
	rootObject = 8B03090C2290AB4F00EE7B4F /* Project object */;
}
